PODS:
  - React (0.51.0):
    - React/Core (= 0.51.0)
  - React/Core (0.51.0):
    - yoga (= 0.51.0.React)
  - WebViewJavascriptBridge (6.0.2)
  - yoga (0.51.0.React)

DEPENDENCIES:
  - React (from `../node_modules/react-native/`)
  - WebViewJavascriptBridge (~> 6.0)
  - yoga (from `../node_modules/react-native/ReactCommon/yoga/`)

EXTERNAL SOURCES:
  React:
    :path: ../node_modules/react-native/
  yoga:
    :path: ../node_modules/react-native/ReactCommon/yoga/

SPEC CHECKSUMS:
  React: 352f02f1db6e4744f9a758527e13e3fdefbbd6ba
  WebViewJavascriptBridge: 791ee0e26d1bf15efe5fb7fb9666a71a19b89d77
  yoga: b5d96400ca8b2936965a7a6516da7c1177f432a3

PODFILE CHECKSUM: 770a314166b5851f4832f06e6985c544bddbd976

COCOAPODS: 1.3.1
